
Microsoft Visual Studio Solution File, Format Version 12.00
# Visual Studio Version 16
VisualStudioVersion = 16.0.30621.155
MinimumVisualStudioVersion = 10.0.40219.1
Project("{9A19103F-16F7-4668-BE54-9A1E7A4F7556}") = "BahokBdApi", "BahokBdApi\BahokBdApi.csproj", "{FE2FA4C7-7F19-4F0A-95A0-0D84BD026391}"
EndProject
Project("{9A19103F-16F7-4668-BE54-9A1E7A4F7556}") = "BahokBDClient", "BahokBDClient\BahokBDClient.csproj", "{6A284AC1-0600-4018-993F-E4599E41D156}"
EndProject
Global
	GlobalSection(SolutionConfigurationPlatforms) = preSolution
		Debug|Any CPU = Debug|Any CPU
		Release|Any CPU = Release|Any CPU
	EndGlobalSection
	GlobalSection(ProjectConfigurationPlatforms) = postSolution
		{FE2FA4C7-7F19-4F0A-95A0-0D84BD026391}.Debug|Any CPU.ActiveCfg = Debug|Any CPU
		{FE2FA4C7-7F19-4F0A-95A0-0D84BD026391}.Debug|Any CPU.Build.0 = Debug|Any CPU
		{FE2FA4C7-7F19-4F0A-95A0-0D84BD026391}.Release|Any CPU.ActiveCfg = Release|Any CPU
		{FE2FA4C7-7F19-4F0A-95A0-0D84BD026391}.Release|Any CPU.Build.0 = Release|Any CPU
		{6A284AC1-0600-4018-993F-E4599E41D156}.Debug|Any CPU.ActiveCfg = Debug|Any CPU
		{6A284AC1-0600-4018-993F-E4599E41D156}.Debug|Any CPU.Build.0 = Debug|Any CPU
		{6A284AC1-0600-4018-993F-E4599E41D156}.Release|Any CPU.ActiveCfg = Release|Any CPU
		{6A284AC1-0600-4018-993F-E4599E41D156}.Release|Any CPU.Build.0 = Release|Any CPU
	EndGlobalSection
	GlobalSection(SolutionProperties) = preSolution
		HideSolutionNode = FALSE
	EndGlobalSection
	GlobalSection(ExtensibilityGlobals) = postSolution
		SolutionGuid = {90C4672F-7A3A-4DFD-A8DF-B158D047181B}
	EndGlobalSection
EndGlobal
